
Microsoft Visual Studio Solution File, Format Version 12.00
# Visual Studio Version 16
VisualStudioVersion = 16.0.30907.101
MinimumVisualStudioVersion = 10.0.40219.1
Project("{FAE04EC0-301F-11D3-BF4B-00C04F79EFBC}") = "Vactaion-manager", "Vactaion-manager\Vactaion-manager.csproj", "{8FF7139F-D295-478E-86A7-DDE8CC3A5A38}"
EndProject
Global
	GlobalSection(SolutionConfigurationPlatforms) = preSolution
		Debug|Any CPU = Debug|Any CPU
		Release|Any CPU = Release|Any CPU
	EndGlobalSection
	GlobalSection(ProjectConfigurationPlatforms) = postSolution
		{8FF7139F-D295-478E-86A7-DDE8CC3A5A38}.Debug|Any CPU.ActiveCfg = Debug|Any CPU
		{8FF7139F-D295-478E-86A7-DDE8CC3A5A38}.Debug|Any CPU.Build.0 = Debug|Any CPU
		{8FF7139F-D295-478E-86A7-DDE8CC3A5A38}.Release|Any CPU.ActiveCfg = Release|Any CPU
		{8FF7139F-D295-478E-86A7-DDE8CC3A5A38}.Release|Any CPU.Build.0 = Release|Any CPU
	EndGlobalSection
	GlobalSection(SolutionProperties) = preSolution
		HideSolutionNode = FALSE
	EndGlobalSection
	GlobalSection(ExtensibilityGlobals) = postSolution
		SolutionGuid = {3C4D2CC1-34EB-4F69-AAB6-EAD242BE89E0}
	EndGlobalSection
EndGlobal
